Microsoft Visual Studio Solution File, Format Version 12.00
# Visual Studio Version 17
VisualStudioVersion = 17.5.2.0
MinimumVisualStudioVersion = 10.0.40219.1
Project("{FAE04EC0-301F-11D3-BF4B-00C04F79EFBC}") = "BookBase", "BookBase.csproj", "{5F2A5B3E-516E-09D1-6311-793C094947E7}"
EndProject
Global
	GlobalSection(SolutionConfigurationPlatforms) = preSolution
		Debug|Any CPU = Debug|Any CPU
		Release|Any CPU = Release|Any CPU
	EndGlobalSection
	GlobalSection(ProjectConfigurationPlatforms) = postSolution
		{5F2A5B3E-516E-09D1-6311-793C094947E7}.Debug|Any CPU.ActiveCfg = Debug|Any CPU
		{5F2A5B3E-516E-09D1-6311-793C094947E7}.Debug|Any CPU.Build.0 = Debug|Any CPU
		{5F2A5B3E-516E-09D1-6311-793C094947E7}.Release|Any CPU.ActiveCfg = Release|Any CPU
		{5F2A5B3E-516E-09D1-6311-793C094947E7}.Release|Any CPU.Build.0 = Release|Any CPU
	EndGlobalSection
	GlobalSection(SolutionProperties) = preSolution
		HideSolutionNode = FALSE
	EndGlobalSection
	GlobalSection(ExtensibilityGlobals) = postSolution
		SolutionGuid = {EF0F477E-D694-491F-9E7D-728DBFD6D113}
	EndGlobalSection
EndGlobal
